
Microsoft Visual Studio Solution File, Format Version 12.00
# Visual Studio Version 17
VisualStudioVersion = 17.7.34031.279
MinimumVisualStudioVersion = 10.0.40219.1
Project("{9A19103F-16F7-4668-BE54-9A1E7A4F7556}") = "trial", "trial\trial.csproj", "{A1AD8CD4-084D-4756-9436-8549F0C141E0}"
EndProject
Global
	GlobalSection(SolutionConfigurationPlatforms) = preSolution
		Debug|Any CPU = Debug|Any CPU
		Release|Any CPU = Release|Any CPU
	EndGlobalSection
	GlobalSection(ProjectConfigurationPlatforms) = postSolution
		{A1AD8CD4-084D-4756-9436-8549F0C141E0}.Debug|Any CPU.ActiveCfg = Debug|Any CPU
		{A1AD8CD4-084D-4756-9436-8549F0C141E0}.Debug|Any CPU.Build.0 = Debug|Any CPU
		{A1AD8CD4-084D-4756-9436-8549F0C141E0}.Release|Any CPU.ActiveCfg = Release|Any CPU
		{A1AD8CD4-084D-4756-9436-8549F0C141E0}.Release|Any CPU.Build.0 = Release|Any CPU
	EndGlobalSection
	GlobalSection(SolutionProperties) = preSolution
		HideSolutionNode = FALSE
	EndGlobalSection
	GlobalSection(ExtensibilityGlobals) = postSolution
		SolutionGuid = {4207B9F2-4F1C-488B-B062-C9E767E08CB8}
	EndGlobalSection
EndGlobal
